
Microsoft Visual Studio Solution File, Format Version 12.00
# Visual Studio Version 17
VisualStudioVersion = 17.0.31903.59
MinimumVisualStudioVersion = 10.0.40219.1
Project("{2150E333-8FDC-42A3-9474-1A3956D46DE8}") = "src", "src", "{DF770D04-067D-415A-8437-EBDDB61DB774}"
EndProject
Project("{FAE04EC0-301F-11D3-BF4B-00C04F79EFBC}") = "PokemonApi", "src\PokemonApi\PokemonApi.csproj", "{ED6E0735-259E-49B8-954E-EC43C8C52AA8}"
EndProject
Global
	GlobalSection(SolutionConfigurationPlatforms) = preSolution
		Debug|Any CPU = Debug|Any CPU
		Release|Any CPU = Release|Any CPU
	EndGlobalSection
	GlobalSection(SolutionProperties) = preSolution
		HideSolutionNode = FALSE
	EndGlobalSection
	GlobalSection(ProjectConfigurationPlatforms) = postSolution
		{ED6E0735-259E-49B8-954E-EC43C8C52AA8}.Debug|Any CPU.ActiveCfg = Debug|Any CPU
		{ED6E0735-259E-49B8-954E-EC43C8C52AA8}.Debug|Any CPU.Build.0 = Debug|Any CPU
		{ED6E0735-259E-49B8-954E-EC43C8C52AA8}.Release|Any CPU.ActiveCfg = Release|Any CPU
		{ED6E0735-259E-49B8-954E-EC43C8C52AA8}.Release|Any CPU.Build.0 = Release|Any CPU
	EndGlobalSection
	GlobalSection(NestedProjects) = preSolution
		{ED6E0735-259E-49B8-954E-EC43C8C52AA8} = {DF770D04-067D-415A-8437-EBDDB61DB774}
	EndGlobalSection
EndGlobal
